
Microsoft Visual Studio Solution File, Format Version 12.00
# Visual Studio Version 17
VisualStudioVersion = 17.5.33502.453
MinimumVisualStudioVersion = 10.0.40219.1
Project("{FAE04EC0-301F-11D3-BF4B-00C04F79EFBC}") = "State.Design.Pattern", "State.Dessign.Pattern\State.Design.Pattern.csproj", "{8144E93A-14B5-4D9C-85B5-4EBB80B69113}"
EndProject
Global
	GlobalSection(SolutionConfigurationPlatforms) = preSolution
		Debug|Any CPU = Debug|Any CPU
		Release|Any CPU = Release|Any CPU
	EndGlobalSection
	GlobalSection(ProjectConfigurationPlatforms) = postSolution
		{8144E93A-14B5-4D9C-85B5-4EBB80B69113}.Debug|Any CPU.ActiveCfg = Debug|Any CPU
		{8144E93A-14B5-4D9C-85B5-4EBB80B69113}.Debug|Any CPU.Build.0 = Debug|Any CPU
		{8144E93A-14B5-4D9C-85B5-4EBB80B69113}.Release|Any CPU.ActiveCfg = Release|Any CPU
		{8144E93A-14B5-4D9C-85B5-4EBB80B69113}.Release|Any CPU.Build.0 = Release|Any CPU
	EndGlobalSection
	GlobalSection(SolutionProperties) = preSolution
		HideSolutionNode = FALSE
	EndGlobalSection
	GlobalSection(ExtensibilityGlobals) = postSolution
		SolutionGuid = {7E9A51B8-6941-4124-B01F-06CA69E2010F}
	EndGlobalSection
EndGlobal
